{
  "name": "ts-programs",
  "version": "1.0.0",
  "lockfileVersion": 3,
  "requires": true,
  "packages": {
    "": {
      "name": "ts-programs",
      "version": "1.0.0",
      "license": "ISC",
      "dependencies": {
        "@solanaturbine/poseidon": "^0.0.12"
      }
    },
    "node_modules/@solanaturbine/poseidon": {
      "version": "0.0.12",
      "resolved": "https://registry.npmjs.org/@solanaturbine/poseidon/-/poseidon-0.0.12.tgz",
      "integrity": "sha512-2GC/B06d2Y5NDFltQ64AJfosREG07io2HVw1OCBv8hLC72ieYrYvK66DQalkVTL5si5b8cGaK8pdTVut98GMPA==",
      "license": "MIT"
    }
  }
}
